
Microsoft Visual Studio Solution File, Format Version 12.00
# Visual Studio Version 17
VisualStudioVersion = 17.1.32228.430
MinimumVisualStudioVersion = 10.0.40219.1
Project("{FAE04EC0-301F-11D3-BF4B-00C04F79EFBC}") = "mayrazorpages", "mayrazorpages\mayrazorpages.csproj", "{21300CC6-F498-4E87-8DFF-BE0C305B4FE1}"
EndProject
Global
	GlobalSection(SolutionConfigurationPlatforms) = preSolution
		Debug|Any CPU = Debug|Any CPU
		Release|Any CPU = Release|Any CPU
	EndGlobalSection
	GlobalSection(ProjectConfigurationPlatforms) = postSolution
		{21300CC6-F498-4E87-8DFF-BE0C305B4FE1}.Debug|Any CPU.ActiveCfg = Debug|Any CPU
		{21300CC6-F498-4E87-8DFF-BE0C305B4FE1}.Debug|Any CPU.Build.0 = Debug|Any CPU
		{21300CC6-F498-4E87-8DFF-BE0C305B4FE1}.Release|Any CPU.ActiveCfg = Release|Any CPU
		{21300CC6-F498-4E87-8DFF-BE0C305B4FE1}.Release|Any CPU.Build.0 = Release|Any CPU
	EndGlobalSection
	GlobalSection(SolutionProperties) = preSolution
		HideSolutionNode = FALSE
	EndGlobalSection
	GlobalSection(ExtensibilityGlobals) = postSolution
		SolutionGuid = {F869B089-1388-4FD3-AAC0-FBE09FD56265}
	EndGlobalSection
EndGlobal
